
Microsoft Visual Studio Solution File, Format Version 12.00
# Visual Studio Version 17
VisualStudioVersion = 17.13.35913.81
MinimumVisualStudioVersion = 10.0.40219.1
Project("{FAE04EC0-301F-11D3-BF4B-00C04F79EFBC}") = "base sintacsis C#", "base sintacsis C#.csproj", "{8321919A-6E84-4A5F-BC49-6171950F50EE}"
EndProject
Project("{FAE04EC0-301F-11D3-BF4B-00C04F79EFBC}") = "Calcylyator", "..\Calcylyator\Calcylyator.csproj", "{087940A5-81BF-4466-B923-27F0994D76C1}"
EndProject
Project("{FAE04EC0-301F-11D3-BF4B-00C04F79EFBC}") = "Weather Analyzer", "..\Weather Analyzer\Weather Analyzer.csproj", "{F0057583-3A2A-45F3-8F90-2359F6595A51}"
EndProject
Project("{FAE04EC0-301F-11D3-BF4B-00C04F79EFBC}") = "Student Marks", "..\Arrays\Student Marks.csproj", "{761030D9-315D-4104-8DBF-4CA5EA55C481}"
EndProject
Project("{FAE04EC0-301F-11D3-BF4B-00C04F79EFBC}") = "Labirint", "..\Labirint\Labirint.csproj", "{2817A383-ABEE-4B61-A12D-DE5FD26058B6}"
EndProject
Project("{FAE04EC0-301F-11D3-BF4B-00C04F79EFBC}") = "CitiesAndPopulations", "..\CitiesAndPopulations\CitiesAndPopulations.csproj", "{E3540D32-F3B6-4A3F-BB44-224B3D810716}"
EndProject
Project("{FAE04EC0-301F-11D3-BF4B-00C04F79EFBC}") = "Film-library", "..\Film-library\Film-library.csproj", "{F6535509-D58A-431D-8DD1-B7C487B0F6E4}"
EndProject
Project("{FAE04EC0-301F-11D3-BF4B-00C04F79EFBC}") = "Containers", "..\Containers\Containers.csproj", "{478D61C8-0278-422C-94A4-F11157BE27BC}"
EndProject
Project("{FAE04EC0-301F-11D3-BF4B-00C04F79EFBC}") = "Fantastic-Zoo", "..\Fantastic-Zoo\Fantastic-Zoo.csproj", "{C89B1EEC-7CF8-4E7F-A22E-03AE0B3D4F9D}"
EndProject
Project("{FAE04EC0-301F-11D3-BF4B-00C04F79EFBC}") = "Espionage-operation", "..\Espionage-operation\Espionage-operation.csproj", "{C63970E0-EC8A-4A3B-A47A-7A90B9EC8857}"
EndProject
Global
	GlobalSection(SolutionConfigurationPlatforms) = preSolution
		Debug|Any CPU = Debug|Any CPU
		Release|Any CPU = Release|Any CPU
	EndGlobalSection
	GlobalSection(ProjectConfigurationPlatforms) = postSolution
		{8321919A-6E84-4A5F-BC49-6171950F50EE}.Debug|Any CPU.ActiveCfg = Debug|Any CPU
		{8321919A-6E84-4A5F-BC49-6171950F50EE}.Debug|Any CPU.Build.0 = Debug|Any CPU
		{8321919A-6E84-4A5F-BC49-6171950F50EE}.Release|Any CPU.ActiveCfg = Release|Any CPU
		{8321919A-6E84-4A5F-BC49-6171950F50EE}.Release|Any CPU.Build.0 = Release|Any CPU
		{087940A5-81BF-4466-B923-27F0994D76C1}.Debug|Any CPU.ActiveCfg = Debug|Any CPU
		{087940A5-81BF-4466-B923-27F0994D76C1}.Debug|Any CPU.Build.0 = Debug|Any CPU
		{087940A5-81BF-4466-B923-27F0994D76C1}.Release|Any CPU.ActiveCfg = Release|Any CPU
		{087940A5-81BF-4466-B923-27F0994D76C1}.Release|Any CPU.Build.0 = Release|Any CPU
		{F0057583-3A2A-45F3-8F90-2359F6595A51}.Debug|Any CPU.ActiveCfg = Debug|Any CPU
		{F0057583-3A2A-45F3-8F90-2359F6595A51}.Debug|Any CPU.Build.0 = Debug|Any CPU
		{F0057583-3A2A-45F3-8F90-2359F6595A51}.Release|Any CPU.ActiveCfg = Release|Any CPU
		{F0057583-3A2A-45F3-8F90-2359F6595A51}.Release|Any CPU.Build.0 = Release|Any CPU
		{761030D9-315D-4104-8DBF-4CA5EA55C481}.Debug|Any CPU.ActiveCfg = Debug|Any CPU
		{761030D9-315D-4104-8DBF-4CA5EA55C481}.Debug|Any CPU.Build.0 = Debug|Any CPU
		{761030D9-315D-4104-8DBF-4CA5EA55C481}.Release|Any CPU.ActiveCfg = Release|Any CPU
		{761030D9-315D-4104-8DBF-4CA5EA55C481}.Release|Any CPU.Build.0 = Release|Any CPU
		{2817A383-ABEE-4B61-A12D-DE5FD26058B6}.Debug|Any CPU.ActiveCfg = Debug|Any CPU
		{2817A383-ABEE-4B61-A12D-DE5FD26058B6}.Debug|Any CPU.Build.0 = Debug|Any CPU
		{2817A383-ABEE-4B61-A12D-DE5FD26058B6}.Release|Any CPU.ActiveCfg = Release|Any CPU
		{2817A383-ABEE-4B61-A12D-DE5FD26058B6}.Release|Any CPU.Build.0 = Release|Any CPU
		{E3540D32-F3B6-4A3F-BB44-224B3D810716}.Debug|Any CPU.ActiveCfg = Debug|Any CPU
		{E3540D32-F3B6-4A3F-BB44-224B3D810716}.Debug|Any CPU.Build.0 = Debug|Any CPU
		{E3540D32-F3B6-4A3F-BB44-224B3D810716}.Release|Any CPU.ActiveCfg = Release|Any CPU
		{E3540D32-F3B6-4A3F-BB44-224B3D810716}.Release|Any CPU.Build.0 = Release|Any CPU
		{F6535509-D58A-431D-8DD1-B7C487B0F6E4}.Debug|Any CPU.ActiveCfg = Debug|Any CPU
		{F6535509-D58A-431D-8DD1-B7C487B0F6E4}.Debug|Any CPU.Build.0 = Debug|Any CPU
		{F6535509-D58A-431D-8DD1-B7C487B0F6E4}.Release|Any CPU.ActiveCfg = Release|Any CPU
		{F6535509-D58A-431D-8DD1-B7C487B0F6E4}.Release|Any CPU.Build.0 = Release|Any CPU
		{478D61C8-0278-422C-94A4-F11157BE27BC}.Debug|Any CPU.ActiveCfg = Debug|Any CPU
		{478D61C8-0278-422C-94A4-F11157BE27BC}.Debug|Any CPU.Build.0 = Debug|Any CPU
		{478D61C8-0278-422C-94A4-F11157BE27BC}.Release|Any CPU.ActiveCfg = Release|Any CPU
		{478D61C8-0278-422C-94A4-F11157BE27BC}.Release|Any CPU.Build.0 = Release|Any CPU
		{C89B1EEC-7CF8-4E7F-A22E-03AE0B3D4F9D}.Debug|Any CPU.ActiveCfg = Debug|Any CPU
		{C89B1EEC-7CF8-4E7F-A22E-03AE0B3D4F9D}.Debug|Any CPU.Build.0 = Debug|Any CPU
		{C89B1EEC-7CF8-4E7F-A22E-03AE0B3D4F9D}.Release|Any CPU.ActiveCfg = Release|Any CPU
		{C89B1EEC-7CF8-4E7F-A22E-03AE0B3D4F9D}.Release|Any CPU.Build.0 = Release|Any CPU
		{C63970E0-EC8A-4A3B-A47A-7A90B9EC8857}.Debug|Any CPU.ActiveCfg = Debug|Any CPU
		{C63970E0-EC8A-4A3B-A47A-7A90B9EC8857}.Debug|Any CPU.Build.0 = Debug|Any CPU
		{C63970E0-EC8A-4A3B-A47A-7A90B9EC8857}.Release|Any CPU.ActiveCfg = Release|Any CPU
		{C63970E0-EC8A-4A3B-A47A-7A90B9EC8857}.Release|Any CPU.Build.0 = Release|Any CPU
	EndGlobalSection
	GlobalSection(SolutionProperties) = preSolution
		HideSolutionNode = FALSE
	EndGlobalSection
	GlobalSection(ExtensibilityGlobals) = postSolution
		SolutionGuid = {716ED5D3-955B-4863-A8AF-EC03AB43316A}
	EndGlobalSection
EndGlobal
